
Microsoft Visual Studio Solution File, Format Version 12.00
# Visual Studio Version 17
VisualStudioVersion = 17.7.34031.279
MinimumVisualStudioVersion = 10.0.40219.1
Project("{FAE04EC0-301F-11D3-BF4B-00C04F79EFBC}") = "Exercise1", "Exercise1\Exercise1.csproj", "{2B8312EE-966B-47B9-9D4B-36E0759BCC71}"
EndProject
Global
	GlobalSection(SolutionConfigurationPlatforms) = preSolution
		Debug|Any CPU = Debug|Any CPU
		Release|Any CPU = Release|Any CPU
	EndGlobalSection
	GlobalSection(ProjectConfigurationPlatforms) = postSolution
		{2B8312EE-966B-47B9-9D4B-36E0759BCC71}.Debug|Any CPU.ActiveCfg = Debug|Any CPU
		{2B8312EE-966B-47B9-9D4B-36E0759BCC71}.Debug|Any CPU.Build.0 = Debug|Any CPU
		{2B8312EE-966B-47B9-9D4B-36E0759BCC71}.Release|Any CPU.ActiveCfg = Release|Any CPU
		{2B8312EE-966B-47B9-9D4B-36E0759BCC71}.Release|Any CPU.Build.0 = Release|Any CPU
	EndGlobalSection
	GlobalSection(SolutionProperties) = preSolution
		HideSolutionNode = FALSE
	EndGlobalSection
	GlobalSection(ExtensibilityGlobals) = postSolution
		SolutionGuid = {05413533-B22F-4835-9F42-174A7E206B36}
	EndGlobalSection
EndGlobal
