
Microsoft Visual Studio Solution File, Format Version 12.00
# Visual Studio Version 17
VisualStudioVersion = 17.6.33829.357
MinimumVisualStudioVersion = 10.0.40219.1
Project("{FAE04EC0-301F-11D3-BF4B-00C04F79EFBC}") = "Exercise2", "Exercise2\Exercise2.csproj", "{3F310499-7A20-40B7-A94D-27061E8B5053}"
EndProject
Global
	GlobalSection(SolutionConfigurationPlatforms) = preSolution
		Debug|Any CPU = Debug|Any CPU
		Release|Any CPU = Release|Any CPU
	EndGlobalSection
	GlobalSection(ProjectConfigurationPlatforms) = postSolution
		{3F310499-7A20-40B7-A94D-27061E8B5053}.Debug|Any CPU.ActiveCfg = Debug|Any CPU
		{3F310499-7A20-40B7-A94D-27061E8B5053}.Debug|Any CPU.Build.0 = Debug|Any CPU
		{3F310499-7A20-40B7-A94D-27061E8B5053}.Release|Any CPU.ActiveCfg = Release|Any CPU
		{3F310499-7A20-40B7-A94D-27061E8B5053}.Release|Any CPU.Build.0 = Release|Any CPU
	EndGlobalSection
	GlobalSection(SolutionProperties) = preSolution
		HideSolutionNode = FALSE
	EndGlobalSection
	GlobalSection(ExtensibilityGlobals) = postSolution
		SolutionGuid = {63981564-EA77-4EE3-8761-4488304E6B98}
	EndGlobalSection
EndGlobal
