
Microsoft Visual Studio Solution File, Format Version 12.00
# Visual Studio Version 17
VisualStudioVersion = 17.6.33829.357
MinimumVisualStudioVersion = 10.0.40219.1
Project("{FAE04EC0-301F-11D3-BF4B-00C04F79EFBC}") = "Exercise6", "Exercise6\Exercise6.csproj", "{E93BB1D5-30C1-4D6C-9158-6BF8B40D6916}"
EndProject
Global
	GlobalSection(SolutionConfigurationPlatforms) = preSolution
		Debug|Any CPU = Debug|Any CPU
		Release|Any CPU = Release|Any CPU
	EndGlobalSection
	GlobalSection(ProjectConfigurationPlatforms) = postSolution
		{E93BB1D5-30C1-4D6C-9158-6BF8B40D6916}.Debug|Any CPU.ActiveCfg = Debug|Any CPU
		{E93BB1D5-30C1-4D6C-9158-6BF8B40D6916}.Debug|Any CPU.Build.0 = Debug|Any CPU
		{E93BB1D5-30C1-4D6C-9158-6BF8B40D6916}.Release|Any CPU.ActiveCfg = Release|Any CPU
		{E93BB1D5-30C1-4D6C-9158-6BF8B40D6916}.Release|Any CPU.Build.0 = Release|Any CPU
	EndGlobalSection
	GlobalSection(SolutionProperties) = preSolution
		HideSolutionNode = FALSE
	EndGlobalSection
	GlobalSection(ExtensibilityGlobals) = postSolution
		SolutionGuid = {F357F841-6D03-4F39-9C9B-18A0DB433730}
	EndGlobalSection
EndGlobal
